
Microsoft Visual Studio Solution File, Format Version 12.00
# Visual Studio Version 17
VisualStudioVersion = 17.9.34607.119
MinimumVisualStudioVersion = 10.0.40219.1
Project("{FAE04EC0-301F-11D3-BF4B-00C04F79EFBC}") = "chess", "chess\chess.csproj", "{FACD48DD-19F8-4133-8BAC-594947B79D73}"
EndProject
Global
	GlobalSection(SolutionConfigurationPlatforms) = preSolution
		Debug|Any CPU = Debug|Any CPU
		Release|Any CPU = Release|Any CPU
	EndGlobalSection
	GlobalSection(ProjectConfigurationPlatforms) = postSolution
		{FACD48DD-19F8-4133-8BAC-594947B79D73}.Debug|Any CPU.ActiveCfg = Debug|Any CPU
		{FACD48DD-19F8-4133-8BAC-594947B79D73}.Debug|Any CPU.Build.0 = Debug|Any CPU
		{FACD48DD-19F8-4133-8BAC-594947B79D73}.Release|Any CPU.ActiveCfg = Release|Any CPU
		{FACD48DD-19F8-4133-8BAC-594947B79D73}.Release|Any CPU.Build.0 = Release|Any CPU
	EndGlobalSection
	GlobalSection(SolutionProperties) = preSolution
		HideSolutionNode = FALSE
	EndGlobalSection
	GlobalSection(ExtensibilityGlobals) = postSolution
		SolutionGuid = {F116F71D-703C-4085-97D4-DE3C937BA895}
	EndGlobalSection
EndGlobal
